// !$*UTF8*$!
{
	archiveVersion = 1;
	classes = {
	};
	objectVersion = 50;
	objects = {

/* Begin PBXBuildFile section */
		74059E8625B5552100754F6E /* swiftui2_0App.swift in Sources */ = {isa = PBXBuildFile; fileRef = 74059E8525B5552100754F6E /* swiftui2_0App.swift */; };
		74059E8A25B5552100754F6E /* Assets.xcassets in Resources */ = {isa = PBXBuildFile; fileRef = 74059E8925B5552100754F6E /* Assets.xcassets */; };
		74059E8D25B5552100754F6E /* Preview Assets.xcassets in Resources */ = {isa = PBXBuildFile; fileRef = 74059E8C25B5552100754F6E /* Preview Assets.xcassets */; };
		74059E9825B558C800754F6E /* BubbleTabBar.swift in Sources */ = {isa = PBXBuildFile; fileRef = 74059E9725B558C800754F6E /* BubbleTabBar.swift */; };
		74059EB425B56F3700754F6E /* FoodHome.swift in Sources */ = {isa = PBXBuildFile; fileRef = 74059EB325B56F3700754F6E /* FoodHome.swift */; };
		74059EB725B5721D00754F6E /* Food.swift in Sources */ = {isa = PBXBuildFile; fileRef = 74059EB625B5721D00754F6E /* Food.swift */; };
		74059EBA25B572B000754F6E /* CardView.swift in Sources */ = {isa = PBXBuildFile; fileRef = 74059EB925B572B000754F6E /* CardView.swift */; };
		74059EBD25B5745200754F6E /* CardHeaderView.swift in Sources */ = {isa = PBXBuildFile; fileRef = 74059EBC25B5745200754F6E /* CardHeaderView.swift */; };
		74059EC125B5839900754F6E /* FoodTab.swift in Sources */ = {isa = PBXBuildFile; fileRef = 74059EC025B5839900754F6E /* FoodTab.swift */; };
		74059EC425B586E700754F6E /* FoodViewModel.swift in Sources */ = {isa = PBXBuildFile; fileRef = 74059EC325B586E700754F6E /* FoodViewModel.swift */; };
/* End PBXBuildFile section */

/* Begin PBXFileReference section */
		74059E8225B5552100754F6E /* swiftui2.0.app */ = {isa = PBXFileReference; explicitFileType = wrapper.application; includeInIndex = 0; path = swiftui2.0.app; sourceTree = BUILT_PRODUCTS_DIR; };
		74059E8525B5552100754F6E /* swiftui2_0App.swift */ = {isa = PBXFileReference; lastKnownFileType = sourcecode.swift; path = swiftui2_0App.swift; sourceTree = "<group>"; };
		74059E8925B5552100754F6E /* Assets.xcassets */ = {isa = PBXFileReference; lastKnownFileType = folder.assetcatalog; path = Assets.xcassets; sourceTree = "<group>"; };
		74059E8C25B5552100754F6E /* Preview Assets.xcassets */ = {isa = PBXFileReference; lastKnownFileType = folder.assetcatalog; path = "Preview Assets.xcassets"; sourceTree = "<group>"; };
		74059E8E25B5552100754F6E /* Info.plist */ = {isa = PBXFileReference; lastKnownFileType = text.plist.xml; path = Info.plist; sourceTree = "<group>"; };
		74059E9725B558C800754F6E /* BubbleTabBar.swift */ = {isa = PBXFileReference; lastKnownFileType = sourcecode.swift; path = BubbleTabBar.swift; sourceTree = "<group>"; };
		74059EB325B56F3700754F6E /* FoodHome.swift */ = {isa = PBXFileReference; lastKnownFileType = sourcecode.swift; path = FoodHome.swift; sourceTree = "<group>"; };
		74059EB625B5721D00754F6E /* Food.swift */ = {isa = PBXFileReference; lastKnownFileType = sourcecode.swift; path = Food.swift; sourceTree = "<group>"; };
		74059EB925B572B000754F6E /* CardView.swift */ = {isa = PBXFileReference; lastKnownFileType = sourcecode.swift; path = CardView.swift; sourceTree = "<group>"; };
		74059EBC25B5745200754F6E /* CardHeaderView.swift */ = {isa = PBXFileReference; lastKnownFileType = sourcecode.swift; path = CardHeaderView.swift; sourceTree = "<group>"; };
		74059EC025B5839900754F6E /* FoodTab.swift */ = {isa = PBXFileReference; lastKnownFileType = sourcecode.swift; path = FoodTab.swift; sourceTree = "<group>"; };
		74059EC325B586E700754F6E /* FoodViewModel.swift */ = {isa = PBXFileReference; lastKnownFileType = sourcecode.swift; path = FoodViewModel.swift; sourceTree = "<group>"; };
/* End PBXFileReference section */

/* Begin PBXFrameworksBuildPhase section */
		74059E7F25B5552100754F6E /* Frameworks */ = {
			isa = PBXFrameworksBuildPhase;
			buildActionMask = 2147483647;
			files = (
			);
			runOnlyForDeploymentPostprocessing = 0;
		};
/* End PBXFrameworksBuildPhase section */

/* Begin PBXGroup section */
		74059E7925B5552100754F6E = {
			isa = PBXGroup;
			children = (
				74059E8425B5552100754F6E /* swiftui2.0 */,
				74059E8325B5552100754F6E /* Products */,
			);
			sourceTree = "<group>";
		};
		74059E8325B5552100754F6E /* Products */ = {
			isa = PBXGroup;
			children = (
				74059E8225B5552100754F6E /* swiftui2.0.app */,
			);
			name = Products;
			sourceTree = "<group>";
		};
		74059E8425B5552100754F6E /* swiftui2.0 */ = {
			isa = PBXGroup;
			children = (
				74059EAE25B56EE100754F6E /* Header with Tabs */,
				74059E9625B558AB00754F6E /* Bubble Tabbar */,
				74059E8925B5552100754F6E /* Assets.xcassets */,
				74059E8E25B5552100754F6E /* Info.plist */,
				74059E8525B5552100754F6E /* swiftui2_0App.swift */,
				74059E8B25B5552100754F6E /* Preview Content */,
			);
			path = swiftui2.0;
			sourceTree = "<group>";
		};
		74059E8B25B5552100754F6E /* Preview Content */ = {
			isa = PBXGroup;
			children = (
				74059E8C25B5552100754F6E /* Preview Assets.xcassets */,
			);
			path = "Preview Content";
			sourceTree = "<group>";
		};
		74059E9625B558AB00754F6E /* Bubble Tabbar */ = {
			isa = PBXGroup;
			children = (
				74059E9725B558C800754F6E /* BubbleTabBar.swift */,
			);
			path = "Bubble Tabbar";
			sourceTree = "<group>";
		};
		74059EAE25B56EE100754F6E /* Header with Tabs */ = {
			isa = PBXGroup;
			children = (
				74059EB125B56EF600754F6E /* ViewModel */,
				74059EB025B56EF000754F6E /* Model */,
				74059EAF25B56EEA00754F6E /* View */,
			);
			path = "Header with Tabs";
			sourceTree = "<group>";
		};
		74059EAF25B56EEA00754F6E /* View */ = {
			isa = PBXGroup;
			children = (
				74059EB325B56F3700754F6E /* FoodHome.swift */,
				74059EB925B572B000754F6E /* CardView.swift */,
				74059EBC25B5745200754F6E /* CardHeaderView.swift */,
			);
			path = View;
			sourceTree = "<group>";
		};
		74059EB025B56EF000754F6E /* Model */ = {
			isa = PBXGroup;
			children = (
				74059EB625B5721D00754F6E /* Food.swift */,
				74059EC025B5839900754F6E /* FoodTab.swift */,
			);
			path = Model;
			sourceTree = "<group>";
		};
		74059EB125B56EF600754F6E /* ViewModel */ = {
			isa = PBXGroup;
			children = (
				74059EC325B586E700754F6E /* FoodViewModel.swift */,
			);
			path = ViewModel;
			sourceTree = "<group>";
		};
/* End PBXGroup section */

/* Begin PBXNativeTarget section */
		74059E8125B5552100754F6E /* swiftui2.0 */ = {
			isa = PBXNativeTarget;
			buildConfigurationList = 74059E9125B5552100754F6E /* Build configuration list for PBXNativeTarget "swiftui2.0" */;
			buildPhases = (
				74059E7E25B5552100754F6E /* Sources */,
				74059E7F25B5552100754F6E /* Frameworks */,
				74059E8025B5552100754F6E /* Resources */,
			);
			buildRules = (
			);
			dependencies = (
			);
			name = swiftui2.0;
			productName = swiftui2.0;
			productReference = 74059E8225B5552100754F6E /* swiftui2.0.app */;
			productType = "com.apple.product-type.application";
		};
/* End PBXNativeTarget section */

/* Begin PBXProject section */
		74059E7A25B5552100754F6E /* Project object */ = {
			isa = PBXProject;
			attributes = {
				LastSwiftUpdateCheck = 1230;
				LastUpgradeCheck = 1230;
				TargetAttributes = {
					74059E8125B5552100754F6E = {
						CreatedOnToolsVersion = 12.3;
					};
				};
			};
			buildConfigurationList = 74059E7D25B5552100754F6E /* Build configuration list for PBXProject "swiftui2.0" */;
			compatibilityVersion = "Xcode 9.3";
			developmentRegion = en;
			hasScannedForEncodings = 0;
			knownRegions = (
				en,
				Base,
			);
			mainGroup = 74059E7925B5552100754F6E;
			productRefGroup = 74059E8325B5552100754F6E /* Products */;
			projectDirPath = "";
			projectRoot = "";
			targets = (
				74059E8125B5552100754F6E /* swiftui2.0 */,
			);
		};
/* End PBXProject section */

/* Begin PBXResourcesBuildPhase section */
		74059E8025B5552100754F6E /* Resources */ = {
			isa = PBXResourcesBuildPhase;
			buildActionMask = 2147483647;
			files = (
				74059E8D25B5552100754F6E /* Preview Assets.xcassets in Resources */,
				74059E8A25B5552100754F6E /* Assets.xcassets in Resources */,
			);
			runOnlyForDeploymentPostprocessing = 0;
		};
/* End PBXResourcesBuildPhase section */

/* Begin PBXSourcesBuildPhase section */
		74059E7E25B5552100754F6E /* Sources */ = {
			isa = PBXSourcesBuildPhase;
			buildActionMask = 2147483647;
			files = (
				74059EB425B56F3700754F6E /* FoodHome.swift in Sources */,
				74059EB725B5721D00754F6E /* Food.swift in Sources */,
				74059EC425B586E700754F6E /* FoodViewModel.swift in Sources */,
				74059EC125B5839900754F6E /* FoodTab.swift in Sources */,
				74059E8625B5552100754F6E /* swiftui2_0App.swift in Sources */,
				74059E9825B558C800754F6E /* BubbleTabBar.swift in Sources */,
				74059EBA25B572B000754F6E /* CardView.swift in Sources */,
				74059EBD25B5745200754F6E /* CardHeaderView.swift in Sources */,
			);
			runOnlyForDeploymentPostprocessing = 0;
		};
/* End PBXSourcesBuildPhase section */

/* Begin XCBuildConfiguration section */
		74059E8F25B5552100754F6E /* Debug */ = {
			isa = XCBuildConfiguration;
			buildSettings = {
				ALWAYS_SEARCH_USER_PATHS = NO;
				CLANG_ANALYZER_NONNULL = YES;
				CLANG_ANALYZER_NUMBER_OBJECT_CONVERSION = YES_AGGRESSIVE;
				CLANG_CXX_LANGUAGE_STANDARD = "gnu++14";
				CLANG_CXX_LIBRARY = "libc++";
				CLANG_ENABLE_MODULES = YES;
				CLANG_ENABLE_OBJC_ARC = YES;
				CLANG_ENABLE_OBJC_WEAK = YES;
				CLANG_WARN_BLOCK_CAPTURE_AUTORELEASING = YES;
				CLANG_WARN_BOOL_CONVERSION = YES;
				CLANG_WARN_COMMA = YES;
				CLANG_WARN_CONSTANT_CONVERSION = YES;
				CLANG_WARN_DEPRECATED_OBJC_IMPLEMENTATIONS = YES;
				CLANG_WARN_DIRECT_OBJC_ISA_USAGE = YES_ERROR;
				CLANG_WARN_DOCUMENTATION_COMMENTS = YES;
				CLANG_WARN_EMPTY_BODY = YES;
				CLANG_WARN_ENUM_CONVERSION = YES;
				CLANG_WARN_INFINITE_RECURSION = YES;
				CLANG_WARN_INT_CONVERSION = YES;
				CLANG_WARN_NON_LITERAL_NULL_CONVERSION = YES;
				CLANG_WARN_OBJC_IMPLICIT_RETAIN_SELF = YES;
				CLANG_WARN_OBJC_LITERAL_CONVERSION = YES;
				CLANG_WARN_OBJC_ROOT_CLASS = YES_ERROR;
				CLANG_WARN_QUOTED_INCLUDE_IN_FRAMEWORK_HEADER = YES;
				CLANG_WARN_RANGE_LOOP_ANALYSIS = YES;
				CLANG_WARN_STRICT_PROTOTYPES = YES;
				CLANG_WARN_SUSPICIOUS_MOVE = YES;
				CLANG_WARN_UNGUARDED_AVAILABILITY = YES_AGGRESSIVE;
				CLANG_WARN_UNREACHABLE_CODE = YES;
				CLANG_WARN__DUPLICATE_METHOD_MATCH = YES;
				COPY_PHASE_STRIP = NO;
				DEBUG_INFORMATION_FORMAT = dwarf;
				ENABLE_STRICT_OBJC_MSGSEND = YES;
				ENABLE_TESTABILITY = YES;
				GCC_C_LANGUAGE_STANDARD = gnu11;
				GCC_DYNAMIC_NO_PIC = NO;
				GCC_NO_COMMON_BLOCKS = YES;
				GCC_OPTIMIZATION_LEVEL = 0;
				GCC_PREPROCESSOR_DEFINITIONS = (
					"DEBUG=1",
					"$(inherited)",
				);
				GCC_WARN_64_TO_32_BIT_CONVERSION = YES;
				GCC_WARN_ABOUT_RETURN_TYPE = YES_ERROR;
				GCC_WARN_UNDECLARED_SELECTOR = YES;
				GCC_WARN_UNINITIALIZED_AUTOS = YES_AGGRESSIVE;
				GCC_WARN_UNUSED_FUNCTION = YES;
				GCC_WARN_UNUSED_VARIABLE = YES;
				IPHONEOS_DEPLOYMENT_TARGET = 14.3;
				MTL_ENABLE_DEBUG_INFO = INCLUDE_SOURCE;
				MTL_FAST_MATH = YES;
				ONLY_ACTIVE_ARCH = YES;
				SDKROOT = iphoneos;
				SWIFT_ACTIVE_COMPILATION_CONDITIONS = DEBUG;
				SWIFT_OPTIMIZATION_LEVEL = "-Onone";
			};
			name = Debug;
		};
		74059E9025B5552100754F6E /* Release */ = {
			isa = XCBuildConfiguration;
			buildSettings = {
				ALWAYS_SEARCH_USER_PATHS = NO;
				CLANG_ANALYZER_NONNULL = YES;
				CLANG_ANALYZER_NUMBER_OBJECT_CONVERSION = YES_AGGRESSIVE;
				CLANG_CXX_LANGUAGE_STANDARD = "gnu++14";
				CLANG_CXX_LIBRARY = "libc++";
				CLANG_ENABLE_MODULES = YES;
				CLANG_ENABLE_OBJC_ARC = YES;
				CLANG_ENABLE_OBJC_WEAK = YES;
				CLANG_WARN_BLOCK_CAPTURE_AUTORELEASING = YES;
				CLANG_WARN_BOOL_CONVERSION = YES;
				CLANG_WARN_COMMA = YES;
				CLANG_WARN_CONSTANT_CONVERSION = YES;
				CLANG_WARN_DEPRECATED_OBJC_IMPLEMENTATIONS = YES;
				CLANG_WARN_DIRECT_OBJC_ISA_USAGE = YES_ERROR;
				CLANG_WARN_DOCUMENTATION_COMMENTS = YES;
				CLANG_WARN_EMPTY_BODY = YES;
				CLANG_WARN_ENUM_CONVERSION = YES;
				CLANG_WARN_INFINITE_RECURSION = YES;
				CLANG_WARN_INT_CONVERSION = YES;
				CLANG_WARN_NON_LITERAL_NULL_CONVERSION = YES;
				CLANG_WARN_OBJC_IMPLICIT_RETAIN_SELF = YES;
				CLANG_WARN_OBJC_LITERAL_CONVERSION = YES;
				CLANG_WARN_OBJC_ROOT_CLASS = YES_ERROR;
				CLANG_WARN_QUOTED_INCLUDE_IN_FRAMEWORK_HEADER = YES;
				CLANG_WARN_RANGE_LOOP_ANALYSIS = YES;
				CLANG_WARN_STRICT_PROTOTYPES = YES;
				CLANG_WARN_SUSPICIOUS_MOVE = YES;
				CLANG_WARN_UNGUARDED_AVAILABILITY = YES_AGGRESSIVE;
				CLANG_WARN_UNREACHABLE_CODE = YES;
				CLANG_WARN__DUPLICATE_METHOD_MATCH = YES;
				COPY_PHASE_STRIP = NO;
				DEBUG_INFORMATION_FORMAT = "dwarf-with-dsym";
				ENABLE_NS_ASSERTIONS = NO;
				ENABLE_STRICT_OBJC_MSGSEND = YES;
				GCC_C_LANGUAGE_STANDARD = gnu11;
				GCC_NO_COMMON_BLOCKS = YES;
				GCC_WARN_64_TO_32_BIT_CONVERSION = YES;
				GCC_WARN_ABOUT_RETURN_TYPE = YES_ERROR;
				GCC_WARN_UNDECLARED_SELECTOR = YES;
				GCC_WARN_UNINITIALIZED_AUTOS = YES_AGGRESSIVE;
				GCC_WARN_UNUSED_FUNCTION = YES;
				GCC_WARN_UNUSED_VARIABLE = YES;
				IPHONEOS_DEPLOYMENT_TARGET = 14.3;
				MTL_ENABLE_DEBUG_INFO = NO;
				MTL_FAST_MATH = YES;
				SDKROOT = iphoneos;
				SWIFT_COMPILATION_MODE = wholemodule;
				SWIFT_OPTIMIZATION_LEVEL = "-O";
				VALIDATE_PRODUCT = YES;
			};
			name = Release;
		};
		74059E9225B5552100754F6E /* Debug */ = {
			isa = XCBuildConfiguration;
			buildSettings = {
				ASSETCATALOG_COMPILER_APPICON_NAME = AppIcon;
				ASSETCATALOG_COMPILER_GLOBAL_ACCENT_COLOR_NAME = AccentColor;
				CODE_SIGN_STYLE = Automatic;
				DEVELOPMENT_ASSET_PATHS = "\"swiftui2.0/Preview Content\"";
				DEVELOPMENT_TEAM = G57B93B2EN;
				ENABLE_PREVIEWS = YES;
				INFOPLIST_FILE = swiftui2.0/Info.plist;
				IPHONEOS_DEPLOYMENT_TARGET = 14.0;
				LD_RUNPATH_SEARCH_PATHS = (
					"$(inherited)",
					"@executable_path/Frameworks",
				);
				PRODUCT_BUNDLE_IDENTIFIER = "com.faizan.swiftui2-0";
				PRODUCT_NAME = "$(TARGET_NAME)";
				SWIFT_VERSION = 5.0;
				TARGETED_DEVICE_FAMILY = 1;
			};
			name = Debug;
		};
		74059E9325B5552100754F6E /* Release */ = {
			isa = XCBuildConfiguration;
			buildSettings = {
				ASSETCATALOG_COMPILER_APPICON_NAME = AppIcon;
				ASSETCATALOG_COMPILER_GLOBAL_ACCENT_COLOR_NAME = AccentColor;
				CODE_SIGN_STYLE = Automatic;
				DEVELOPMENT_ASSET_PATHS = "\"swiftui2.0/Preview Content\"";
				DEVELOPMENT_TEAM = G57B93B2EN;
				ENABLE_PREVIEWS = YES;
				INFOPLIST_FILE = swiftui2.0/Info.plist;
				IPHONEOS_DEPLOYMENT_TARGET = 14.0;
				LD_RUNPATH_SEARCH_PATHS = (
					"$(inherited)",
					"@executable_path/Frameworks",
				);
				PRODUCT_BUNDLE_IDENTIFIER = "com.faizan.swiftui2-0";
				PRODUCT_NAME = "$(TARGET_NAME)";
				SWIFT_VERSION = 5.0;
				TARGETED_DEVICE_FAMILY = 1;
			};
			name = Release;
		};
/* End XCBuildConfiguration section */

/* Begin XCConfigurationList section */
		74059E7D25B5552100754F6E /* Build configuration list for PBXProject "swiftui2.0" */ = {
			isa = XCConfigurationList;
			buildConfigurations = (
				74059E8F25B5552100754F6E /* Debug */,
				74059E9025B5552100754F6E /* Release */,
			);
			defaultConfigurationIsVisible = 0;
			defaultConfigurationName = Release;
		};
		74059E9125B5552100754F6E /* Build configuration list for PBXNativeTarget "swiftui2.0" */ = {
			isa = XCConfigurationList;
			buildConfigurations = (
				74059E9225B5552100754F6E /* Debug */,
				74059E9325B5552100754F6E /* Release */,
			);
			defaultConfigurationIsVisible = 0;
			defaultConfigurationName = Release;
		};
/* End XCConfigurationList section */
	};
	rootObject = 74059E7A25B5552100754F6E /* Project object */;
}
